
Microsoft Visual Studio Solution File, Format Version 12.00
# Visual Studio Version 17
VisualStudioVersion = 17.8.34330.188
MinimumVisualStudioVersion = 10.0.40219.1
Project("{F184B08F-C81C-45F6-A57F-5ABD9991F28F}") = "Tamirhane_2", "Tamirhane_2\Tamirhane_2.vbproj", "{4189D1B2-1F79-4C73-99BF-22AB8246C091}"
EndProject
Global
	GlobalSection(SolutionConfigurationPlatforms) = preSolution
		Debug|Any CPU = Debug|Any CPU
		Release|Any CPU = Release|Any CPU
	EndGlobalSection
	GlobalSection(ProjectConfigurationPlatforms) = postSolution
		{4189D1B2-1F79-4C73-99BF-22AB8246C091}.Debug|Any CPU.ActiveCfg = Debug|Any CPU
		{4189D1B2-1F79-4C73-99BF-22AB8246C091}.Debug|Any CPU.Build.0 = Debug|Any CPU
		{4189D1B2-1F79-4C73-99BF-22AB8246C091}.Release|Any CPU.ActiveCfg = Release|Any CPU
		{4189D1B2-1F79-4C73-99BF-22AB8246C091}.Release|Any CPU.Build.0 = Release|Any CPU
	EndGlobalSection
	GlobalSection(SolutionProperties) = preSolution
		HideSolutionNode = FALSE
	EndGlobalSection
	GlobalSection(ExtensibilityGlobals) = postSolution
		SolutionGuid = {8430B164-1917-4778-99B9-F59DA45CF148}
	EndGlobalSection
EndGlobal
